
Microsoft Visual Studio Solution File, Format Version 12.00
# Visual Studio Version 16
VisualStudioVersion = 16.0.29102.190
MinimumVisualStudioVersion = 10.0.40219.1
Project("{FAE04EC0-301F-11D3-BF4B-00C04F79EFBC}") = "salewebmvc", "salewebmvc\salewebmvc.csproj", "{DCA638A0-8AFD-47A7-9285-DF70B6D93C6C}"
EndProject
Global
	GlobalSection(SolutionConfigurationPlatforms) = preSolution
		Debug|Any CPU = Debug|Any CPU
		Release|Any CPU = Release|Any CPU
	EndGlobalSection
	GlobalSection(ProjectConfigurationPlatforms) = postSolution
		{DCA638A0-8AFD-47A7-9285-DF70B6D93C6C}.Debug|Any CPU.ActiveCfg = Debug|Any CPU
		{DCA638A0-8AFD-47A7-9285-DF70B6D93C6C}.Debug|Any CPU.Build.0 = Debug|Any CPU
		{DCA638A0-8AFD-47A7-9285-DF70B6D93C6C}.Release|Any CPU.ActiveCfg = Release|Any CPU
		{DCA638A0-8AFD-47A7-9285-DF70B6D93C6C}.Release|Any CPU.Build.0 = Release|Any CPU
	EndGlobalSection
	GlobalSection(SolutionProperties) = preSolution
		HideSolutionNode = FALSE
	EndGlobalSection
	GlobalSection(ExtensibilityGlobals) = postSolution
		SolutionGuid = {BE917AF4-99B2-49AC-B0B7-7511B2534B25}
	EndGlobalSection
EndGlobal
